
Microsoft Visual Studio Solution File, Format Version 12.00
# Visual Studio 15
VisualStudioVersion = 15.0.26730.15
MinimumVisualStudioVersion = 10.0.40219.1
Project("{FAE04EC0-301F-11D3-BF4B-00C04F79EFBC}") = "GroupProject", "GroupProject\GroupProject.csproj", "{379FE831-5A88-4CFF-BADE-D70A1204E6B0}"
EndProject
Global
	GlobalSection(SolutionConfigurationPlatforms) = preSolution
		Debug|Any CPU = Debug|Any CPU
		Release|Any CPU = Release|Any CPU
	EndGlobalSection
	GlobalSection(ProjectConfigurationPlatforms) = postSolution
		{379FE831-5A88-4CFF-BADE-D70A1204E6B0}.Debug|Any CPU.ActiveCfg = Debug|Any CPU
		{379FE831-5A88-4CFF-BADE-D70A1204E6B0}.Debug|Any CPU.Build.0 = Debug|Any CPU
		{379FE831-5A88-4CFF-BADE-D70A1204E6B0}.Release|Any CPU.ActiveCfg = Release|Any CPU
		{379FE831-5A88-4CFF-BADE-D70A1204E6B0}.Release|Any CPU.Build.0 = Release|Any CPU
	EndGlobalSection
	GlobalSection(SolutionProperties) = preSolution
		HideSolutionNode = FALSE
	EndGlobalSection
	GlobalSection(ExtensibilityGlobals) = postSolution
		SolutionGuid = {0124C780-BF9D-40B1-8EAA-B3B8EAB7B1AF}
	EndGlobalSection
EndGlobal
